# .github/workflows/update-flake-lock.yml
name: Update flake.lock

on:
  workflow_dispatch:
  push:
    paths:
      - 'flake.nix'
  schedule:
    - cron: "0 0 * * *"

permissions:
  contents: write

jobs:
  update:
    runs-on: ubuntu-latest
    steps:
      - uses: actions/checkout@v4

      - name: Install Nix
        uses: DeterminateSystems/nix-installer-action@main

      - name: Update flake.lock
        run: nix flake update

      - name: Commit and push changes
        uses: stefanzweifel/git-auto-commit-action@v5
        with:
          commit_message: "chore: update flake.lock"